
Microsoft Visual Studio Solution File, Format Version 9.00
# Visual Studio 2005
Project("{6989167D-11E4-40FE-8C1A-2192A86A7E90}") = "Cpa", "Cpa.vfproj", "{6FA7CF70-B130-4C4D-97B8-ECF549375321}"
EndProject
Global
	GlobalSection(SolutionConfigurationPlatforms) = preSolution
		Debug|Win32 = Debug|Win32
		Debug|x64 = Debug|x64
		Release|Win32 = Release|Win32
		Release|x64 = Release|x64
	EndGlobalSection
	GlobalSection(ProjectConfigurationPlatforms) = postSolution
		{6FA7CF70-B130-4C4D-97B8-ECF549375321}.Debug|Win32.ActiveCfg = Debug|Win32
		{6FA7CF70-B130-4C4D-97B8-ECF549375321}.Debug|Win32.Build.0 = Debug|Win32
		{6FA7CF70-B130-4C4D-97B8-ECF549375321}.Debug|x64.ActiveCfg = Debug|x64
		{6FA7CF70-B130-4C4D-97B8-ECF549375321}.Debug|x64.Build.0 = Debug|x64
		{6FA7CF70-B130-4C4D-97B8-ECF549375321}.Release|Win32.ActiveCfg = Release|Win32
		{6FA7CF70-B130-4C4D-97B8-ECF549375321}.Release|Win32.Build.0 = Release|Win32
		{6FA7CF70-B130-4C4D-97B8-ECF549375321}.Release|x64.ActiveCfg = Release|x64
		{6FA7CF70-B130-4C4D-97B8-ECF549375321}.Release|x64.Build.0 = Release|x64
	EndGlobalSection
	GlobalSection(SolutionProperties) = preSolution
		HideSolutionNode = FALSE
	EndGlobalSection
EndGlobal
